// !$*UTF8*$!
{
	archiveVersion = 1;
	classes = {
	};
	objectVersion = 55;
	objects = {

/* Begin PBXBuildFile section */
		3282571928716B0D00DF030D /* AppDelegate.swift in Sources */ = {isa = PBXBuildFile; fileRef = 3282571828716B0D00DF030D /* AppDelegate.swift */; };
		3282571B28716B0D00DF030D /* SceneDelegate.swift in Sources */ = {isa = PBXBuildFile; fileRef = 3282571A28716B0D00DF030D /* SceneDelegate.swift */; };
		3282572028716B0D00DF030D /* Main.storyboard in Resources */ = {isa = PBXBuildFile; fileRef = 3282571E28716B0D00DF030D /* Main.storyboard */; };
		3282572228716B0E00DF030D /* Assets.xcassets in Resources */ = {isa = PBXBuildFile; fileRef = 3282572128716B0E00DF030D /* Assets.xcassets */; };
		3282572528716B0E00DF030D /* LaunchScreen.storyboard in Resources */ = {isa = PBXBuildFile; fileRef = 3282572328716B0E00DF030D /* LaunchScreen.storyboard */; };
		3282572E2871711D00DF030D /* DBModel.swift in Sources */ = {isa = PBXBuildFile; fileRef = 3282572D2871711D00DF030D /* DBModel.swift */; };
		329265E02871760800A69E84 /* JsonModel.swift in Sources */ = {isa = PBXBuildFile; fileRef = 329265DF2871760800A69E84 /* JsonModel.swift */; };
		329265E22871765500A69E84 /* Model.swift in Sources */ = {isa = PBXBuildFile; fileRef = 329265E12871765500A69E84 /* Model.swift */; };
		329265E52871772F00A69E84 /* TableViewController.swift in Sources */ = {isa = PBXBuildFile; fileRef = 329265E42871772F00A69E84 /* TableViewController.swift */; };
		329265E72871775000A69E84 /* TableViewCell.swift in Sources */ = {isa = PBXBuildFile; fileRef = 329265E62871775000A69E84 /* TableViewCell.swift */; };
/* End PBXBuildFile section */

/* Begin PBXFileReference section */
		3282571528716B0C00DF030D /* SqlToDoList.app */ = {isa = PBXFileReference; explicitFileType = wrapper.application; includeInIndex = 0; path = SqlToDoList.app; sourceTree = BUILT_PRODUCTS_DIR; };
		3282571828716B0D00DF030D /* AppDelegate.swift */ = {isa = PBXFileReference; lastKnownFileType = sourcecode.swift; path = AppDelegate.swift; sourceTree = "<group>"; };
		3282571A28716B0D00DF030D /* SceneDelegate.swift */ = {isa = PBXFileReference; lastKnownFileType = sourcecode.swift; path = SceneDelegate.swift; sourceTree = "<group>"; };
		3282571F28716B0D00DF030D /* Base */ = {isa = PBXFileReference; lastKnownFileType = file.storyboard; name = Base; path = Base.lproj/Main.storyboard; sourceTree = "<group>"; };
		3282572128716B0E00DF030D /* Assets.xcassets */ = {isa = PBXFileReference; lastKnownFileType = folder.assetcatalog; path = Assets.xcassets; sourceTree = "<group>"; };
		3282572428716B0E00DF030D /* Base */ = {isa = PBXFileReference; lastKnownFileType = file.storyboard; name = Base; path = Base.lproj/LaunchScreen.storyboard; sourceTree = "<group>"; };
		3282572628716B0E00DF030D /* Info.plist */ = {isa = PBXFileReference; lastKnownFileType = text.plist.xml; path = Info.plist; sourceTree = "<group>"; };
		3282572D2871711D00DF030D /* DBModel.swift */ = {isa = PBXFileReference; lastKnownFileType = sourcecode.swift; path = DBModel.swift; sourceTree = "<group>"; };
		329265DF2871760800A69E84 /* JsonModel.swift */ = {isa = PBXFileReference; lastKnownFileType = sourcecode.swift; path = JsonModel.swift; sourceTree = "<group>"; };
		329265E12871765500A69E84 /* Model.swift */ = {isa = PBXFileReference; lastKnownFileType = sourcecode.swift; path = Model.swift; sourceTree = "<group>"; };
		329265E42871772F00A69E84 /* TableViewController.swift */ = {isa = PBXFileReference; lastKnownFileType = sourcecode.swift; path = TableViewController.swift; sourceTree = "<group>"; };
		329265E62871775000A69E84 /* TableViewCell.swift */ = {isa = PBXFileReference; lastKnownFileType = sourcecode.swift; path = TableViewCell.swift; sourceTree = "<group>"; };
/* End PBXFileReference section */

/* Begin PBXFrameworksBuildPhase section */
		3282571228716B0C00DF030D /* Frameworks */ = {
			isa = PBXFrameworksBuildPhase;
			buildActionMask = 2147483647;
			files = (
			);
			runOnlyForDeploymentPostprocessing = 0;
		};
/* End PBXFrameworksBuildPhase section */

/* Begin PBXGroup section */
		3282570C28716B0C00DF030D = {
			isa = PBXGroup;
			children = (
				3282571728716B0C00DF030D /* SqlToDoList */,
				3282571628716B0C00DF030D /* Products */,
			);
			sourceTree = "<group>";
		};
		3282571628716B0C00DF030D /* Products */ = {
			isa = PBXGroup;
			children = (
				3282571528716B0C00DF030D /* SqlToDoList.app */,
			);
			name = Products;
			sourceTree = "<group>";
		};
		3282571728716B0C00DF030D /* SqlToDoList */ = {
			isa = PBXGroup;
			children = (
				329265E32871771600A69E84 /* ViewCcontroller */,
				3282572C28716BAA00DF030D /* Model */,
				3282571828716B0D00DF030D /* AppDelegate.swift */,
				3282571A28716B0D00DF030D /* SceneDelegate.swift */,
				3282571E28716B0D00DF030D /* Main.storyboard */,
				3282572128716B0E00DF030D /* Assets.xcassets */,
				3282572328716B0E00DF030D /* LaunchScreen.storyboard */,
				3282572628716B0E00DF030D /* Info.plist */,
			);
			path = SqlToDoList;
			sourceTree = "<group>";
		};
		3282572C28716BAA00DF030D /* Model */ = {
			isa = PBXGroup;
			children = (
				3282572D2871711D00DF030D /* DBModel.swift */,
				329265DF2871760800A69E84 /* JsonModel.swift */,
				329265E12871765500A69E84 /* Model.swift */,
			);
			path = Model;
			sourceTree = "<group>";
		};
		329265E32871771600A69E84 /* ViewCcontroller */ = {
			isa = PBXGroup;
			children = (
				329265E42871772F00A69E84 /* TableViewController.swift */,
				329265E62871775000A69E84 /* TableViewCell.swift */,
			);
			path = ViewCcontroller;
			sourceTree = "<group>";
		};
/* End PBXGroup section */

/* Begin PBXNativeTarget section */
		3282571428716B0C00DF030D /* SqlToDoList */ = {
			isa = PBXNativeTarget;
			buildConfigurationList = 3282572928716B0E00DF030D /* Build configuration list for PBXNativeTarget "SqlToDoList" */;
			buildPhases = (
				3282571128716B0C00DF030D /* Sources */,
				3282571228716B0C00DF030D /* Frameworks */,
				3282571328716B0C00DF030D /* Resources */,
			);
			buildRules = (
			);
			dependencies = (
			);
			name = SqlToDoList;
			productName = SqlToDoList;
			productReference = 3282571528716B0C00DF030D /* SqlToDoList.app */;
			productType = "com.apple.product-type.application";
		};
/* End PBXNativeTarget section */

/* Begin PBXProject section */
		3282570D28716B0C00DF030D /* Project object */ = {
			isa = PBXProject;
			attributes = {
				BuildIndependentTargetsInParallel = 1;
				LastSwiftUpdateCheck = 1330;
				LastUpgradeCheck = 1330;
				TargetAttributes = {
					3282571428716B0C00DF030D = {
						CreatedOnToolsVersion = 13.3.1;
					};
				};
			};
			buildConfigurationList = 3282571028716B0C00DF030D /* Build configuration list for PBXProject "SqlToDoList" */;
			compatibilityVersion = "Xcode 13.0";
			developmentRegion = en;
			hasScannedForEncodings = 0;
			knownRegions = (
				en,
				Base,
			);
			mainGroup = 3282570C28716B0C00DF030D;
			productRefGroup = 3282571628716B0C00DF030D /* Products */;
			projectDirPath = "";
			projectRoot = "";
			targets = (
				3282571428716B0C00DF030D /* SqlToDoList */,
			);
		};
/* End PBXProject section */

/* Begin PBXResourcesBuildPhase section */
		3282571328716B0C00DF030D /* Resources */ = {
			isa = PBXResourcesBuildPhase;
			buildActionMask = 2147483647;
			files = (
				3282572528716B0E00DF030D /* LaunchScreen.storyboard in Resources */,
				3282572228716B0E00DF030D /* Assets.xcassets in Resources */,
				3282572028716B0D00DF030D /* Main.storyboard in Resources */,
			);
			runOnlyForDeploymentPostprocessing = 0;
		};
/* End PBXResourcesBuildPhase section */

/* Begin PBXSourcesBuildPhase section */
		3282571128716B0C00DF030D /* Sources */ = {
			isa = PBXSourcesBuildPhase;
			buildActionMask = 2147483647;
			files = (
				329265E02871760800A69E84 /* JsonModel.swift in Sources */,
				329265E52871772F00A69E84 /* TableViewController.swift in Sources */,
				3282571928716B0D00DF030D /* AppDelegate.swift in Sources */,
				329265E22871765500A69E84 /* Model.swift in Sources */,
				3282571B28716B0D00DF030D /* SceneDelegate.swift in Sources */,
				329265E72871775000A69E84 /* TableViewCell.swift in Sources */,
				3282572E2871711D00DF030D /* DBModel.swift in Sources */,
			);
			runOnlyForDeploymentPostprocessing = 0;
		};
/* End PBXSourcesBuildPhase section */

/* Begin PBXVariantGroup section */
		3282571E28716B0D00DF030D /* Main.storyboard */ = {
			isa = PBXVariantGroup;
			children = (
				3282571F28716B0D00DF030D /* Base */,
			);
			name = Main.storyboard;
			sourceTree = "<group>";
		};
		3282572328716B0E00DF030D /* LaunchScreen.storyboard */ = {
			isa = PBXVariantGroup;
			children = (
				3282572428716B0E00DF030D /* Base */,
			);
			name = LaunchScreen.storyboard;
			sourceTree = "<group>";
		};
/* End PBXVariantGroup section */

/* Begin XCBuildConfiguration section */
		3282572728716B0E00DF030D /* Debug */ = {
			isa = XCBuildConfiguration;
			buildSettings = {
				ALWAYS_SEARCH_USER_PATHS = NO;
				CLANG_ANALYZER_NONNULL = YES;
				CLANG_ANALYZER_NUMBER_OBJECT_CONVERSION = YES_AGGRESSIVE;
				CLANG_CXX_LANGUAGE_STANDARD = "gnu++17";
				CLANG_ENABLE_MODULES = YES;
				CLANG_ENABLE_OBJC_ARC = YES;
				CLANG_ENABLE_OBJC_WEAK = YES;
				CLANG_WARN_BLOCK_CAPTURE_AUTORELEASING = YES;
				CLANG_WARN_BOOL_CONVERSION = YES;
				CLANG_WARN_COMMA = YES;
				CLANG_WARN_CONSTANT_CONVERSION = YES;
				CLANG_WARN_DEPRECATED_OBJC_IMPLEMENTATIONS = YES;
				CLANG_WARN_DIRECT_OBJC_ISA_USAGE = YES_ERROR;
				CLANG_WARN_DOCUMENTATION_COMMENTS = YES;
				CLANG_WARN_EMPTY_BODY = YES;
				CLANG_WARN_ENUM_CONVERSION = YES;
				CLANG_WARN_INFINITE_RECURSION = YES;
				CLANG_WARN_INT_CONVERSION = YES;
				CLANG_WARN_NON_LITERAL_NULL_CONVERSION = YES;
				CLANG_WARN_OBJC_IMPLICIT_RETAIN_SELF = YES;
				CLANG_WARN_OBJC_LITERAL_CONVERSION = YES;
				CLANG_WARN_OBJC_ROOT_CLASS = YES_ERROR;
				CLANG_WARN_QUOTED_INCLUDE_IN_FRAMEWORK_HEADER = YES;
				CLANG_WARN_RANGE_LOOP_ANALYSIS = YES;
				CLANG_WARN_STRICT_PROTOTYPES = YES;
				CLANG_WARN_SUSPICIOUS_MOVE = YES;
				CLANG_WARN_UNGUARDED_AVAILABILITY = YES_AGGRESSIVE;
				CLANG_WARN_UNREACHABLE_CODE = YES;
				CLANG_WARN__DUPLICATE_METHOD_MATCH = YES;
				COPY_PHASE_STRIP = NO;
				DEBUG_INFORMATION_FORMAT = dwarf;
				ENABLE_STRICT_OBJC_MSGSEND = YES;
				ENABLE_TESTABILITY = YES;
				GCC_C_LANGUAGE_STANDARD = gnu11;
				GCC_DYNAMIC_NO_PIC = NO;
				GCC_NO_COMMON_BLOCKS = YES;
				GCC_OPTIMIZATION_LEVEL = 0;
				GCC_PREPROCESSOR_DEFINITIONS = (
					"DEBUG=1",
					"$(inherited)",
				);
				GCC_WARN_64_TO_32_BIT_CONVERSION = YES;
				GCC_WARN_ABOUT_RETURN_TYPE = YES_ERROR;
				GCC_WARN_UNDECLARED_SELECTOR = YES;
				GCC_WARN_UNINITIALIZED_AUTOS = YES_AGGRESSIVE;
				GCC_WARN_UNUSED_FUNCTION = YES;
				GCC_WARN_UNUSED_VARIABLE = YES;
				IPHONEOS_DEPLOYMENT_TARGET = 15.4;
				MTL_ENABLE_DEBUG_INFO = INCLUDE_SOURCE;
				MTL_FAST_MATH = YES;
				ONLY_ACTIVE_ARCH = YES;
				SDKROOT = iphoneos;
				SWIFT_ACTIVE_COMPILATION_CONDITIONS = DEBUG;
				SWIFT_OPTIMIZATION_LEVEL = "-Onone";
			};
			name = Debug;
		};
		3282572828716B0E00DF030D /* Release */ = {
			isa = XCBuildConfiguration;
			buildSettings = {
				ALWAYS_SEARCH_USER_PATHS = NO;
				CLANG_ANALYZER_NONNULL = YES;
				CLANG_ANALYZER_NUMBER_OBJECT_CONVERSION = YES_AGGRESSIVE;
				CLANG_CXX_LANGUAGE_STANDARD = "gnu++17";
				CLANG_ENABLE_MODULES = YES;
				CLANG_ENABLE_OBJC_ARC = YES;
				CLANG_ENABLE_OBJC_WEAK = YES;
				CLANG_WARN_BLOCK_CAPTURE_AUTORELEASING = YES;
				CLANG_WARN_BOOL_CONVERSION = YES;
				CLANG_WARN_COMMA = YES;
				CLANG_WARN_CONSTANT_CONVERSION = YES;
				CLANG_WARN_DEPRECATED_OBJC_IMPLEMENTATIONS = YES;
				CLANG_WARN_DIRECT_OBJC_ISA_USAGE = YES_ERROR;
				CLANG_WARN_DOCUMENTATION_COMMENTS = YES;
				CLANG_WARN_EMPTY_BODY = YES;
				CLANG_WARN_ENUM_CONVERSION = YES;
				CLANG_WARN_INFINITE_RECURSION = YES;
				CLANG_WARN_INT_CONVERSION = YES;
				CLANG_WARN_NON_LITERAL_NULL_CONVERSION = YES;
				CLANG_WARN_OBJC_IMPLICIT_RETAIN_SELF = YES;
				CLANG_WARN_OBJC_LITERAL_CONVERSION = YES;
				CLANG_WARN_OBJC_ROOT_CLASS = YES_ERROR;
				CLANG_WARN_QUOTED_INCLUDE_IN_FRAMEWORK_HEADER = YES;
				CLANG_WARN_RANGE_LOOP_ANALYSIS = YES;
				CLANG_WARN_STRICT_PROTOTYPES = YES;
				CLANG_WARN_SUSPICIOUS_MOVE = YES;
				CLANG_WARN_UNGUARDED_AVAILABILITY = YES_AGGRESSIVE;
				CLANG_WARN_UNREACHABLE_CODE = YES;
				CLANG_WARN__DUPLICATE_METHOD_MATCH = YES;
				COPY_PHASE_STRIP = NO;
				DEBUG_INFORMATION_FORMAT = "dwarf-with-dsym";
				ENABLE_NS_ASSERTIONS = NO;
				ENABLE_STRICT_OBJC_MSGSEND = YES;
				GCC_C_LANGUAGE_STANDARD = gnu11;
				GCC_NO_COMMON_BLOCKS = YES;
				GCC_WARN_64_TO_32_BIT_CONVERSION = YES;
				GCC_WARN_ABOUT_RETURN_TYPE = YES_ERROR;
				GCC_WARN_UNDECLARED_SELECTOR = YES;
				GCC_WARN_UNINITIALIZED_AUTOS = YES_AGGRESSIVE;
				GCC_WARN_UNUSED_FUNCTION = YES;
				GCC_WARN_UNUSED_VARIABLE = YES;
				IPHONEOS_DEPLOYMENT_TARGET = 15.4;
				MTL_ENABLE_DEBUG_INFO = NO;
				MTL_FAST_MATH = YES;
				SDKROOT = iphoneos;
				SWIFT_COMPILATION_MODE = wholemodule;
				SWIFT_OPTIMIZATION_LEVEL = "-O";
				VALIDATE_PRODUCT = YES;
			};
			name = Release;
		};
		3282572A28716B0E00DF030D /* Debug */ = {
			isa = XCBuildConfiguration;
			buildSettings = {
				ASSETCATALOG_COMPILER_APPICON_NAME = AppIcon;
				ASSETCATALOG_COMPILER_GLOBAL_ACCENT_COLOR_NAME = AccentColor;
				CODE_SIGN_STYLE = Automatic;
				CURRENT_PROJECT_VERSION = 1;
				GENERATE_INFOPLIST_FILE = YES;
				INFOPLIST_FILE = SqlToDoList/Info.plist;
				INFOPLIST_KEY_UIApplicationSupportsIndirectInputEvents = YES;
				INFOPLIST_KEY_UILaunchStoryboardName = LaunchScreen;
				INFOPLIST_KEY_UIMainStoryboardFile = Main;
				INFOPLIST_KEY_UISupportedInterfaceOrientations_iPad = "UIInterfaceOrientationPortrait UIInterfaceOrientationPortraitUpsideDown UIInterfaceOrientationLandscapeLeft UIInterfaceOrientationLandscapeRight";
				INFOPLIST_KEY_UISupportedInterfaceOrientations_iPhone = "UIInterfaceOrientationPortrait UIInterfaceOrientationLandscapeLeft UIInterfaceOrientationLandscapeRight";
				LD_RUNPATH_SEARCH_PATHS = (
					"$(inherited)",
					"@executable_path/Frameworks",
				);
				MARKETING_VERSION = 1.0;
				PRODUCT_BUNDLE_IDENTIFIER = com.swiftlec.SqlToDoList;
				PRODUCT_NAME = "$(TARGET_NAME)";
				SWIFT_EMIT_LOC_STRINGS = YES;
				SWIFT_VERSION = 5.0;
				TARGETED_DEVICE_FAMILY = "1,2";
			};
			name = Debug;
		};
		3282572B28716B0E00DF030D /* Release */ = {
			isa = XCBuildConfiguration;
			buildSettings = {
				ASSETCATALOG_COMPILER_APPICON_NAME = AppIcon;
				ASSETCATALOG_COMPILER_GLOBAL_ACCENT_COLOR_NAME = AccentColor;
				CODE_SIGN_STYLE = Automatic;
				CURRENT_PROJECT_VERSION = 1;
				GENERATE_INFOPLIST_FILE = YES;
				INFOPLIST_FILE = SqlToDoList/Info.plist;
				INFOPLIST_KEY_UIApplicationSupportsIndirectInputEvents = YES;
				INFOPLIST_KEY_UILaunchStoryboardName = LaunchScreen;
				INFOPLIST_KEY_UIMainStoryboardFile = Main;
				INFOPLIST_KEY_UISupportedInterfaceOrientations_iPad = "UIInterfaceOrientationPortrait UIInterfaceOrientationPortraitUpsideDown UIInterfaceOrientationLandscapeLeft UIInterfaceOrientationLandscapeRight";
				INFOPLIST_KEY_UISupportedInterfaceOrientations_iPhone = "UIInterfaceOrientationPortrait UIInterfaceOrientationLandscapeLeft UIInterfaceOrientationLandscapeRight";
				LD_RUNPATH_SEARCH_PATHS = (
					"$(inherited)",
					"@executable_path/Frameworks",
				);
				MARKETING_VERSION = 1.0;
				PRODUCT_BUNDLE_IDENTIFIER = com.swiftlec.SqlToDoList;
				PRODUCT_NAME = "$(TARGET_NAME)";
				SWIFT_EMIT_LOC_STRINGS = YES;
				SWIFT_VERSION = 5.0;
				TARGETED_DEVICE_FAMILY = "1,2";
			};
			name = Release;
		};
/* End XCBuildConfiguration section */

/* Begin XCConfigurationList section */
		3282571028716B0C00DF030D /* Build configuration list for PBXProject "SqlToDoList" */ = {
			isa = XCConfigurationList;
			buildConfigurations = (
				3282572728716B0E00DF030D /* Debug */,
				3282572828716B0E00DF030D /* Release */,
			);
			defaultConfigurationIsVisible = 0;
			defaultConfigurationName = Release;
		};
		3282572928716B0E00DF030D /* Build configuration list for PBXNativeTarget "SqlToDoList" */ = {
			isa = XCConfigurationList;
			buildConfigurations = (
				3282572A28716B0E00DF030D /* Debug */,
				3282572B28716B0E00DF030D /* Release */,
			);
			defaultConfigurationIsVisible = 0;
			defaultConfigurationName = Release;
		};
/* End XCConfigurationList section */
	};
	rootObject = 3282570D28716B0C00DF030D /* Project object */;
}
