// !$*UTF8*$!
{
	archiveVersion = 1;
	classes = {
	};
	objectVersion = 55;
	objects = {

/* Begin PBXBuildFile section */
		32EFC2C6285EF6D90018B2C2 /* AppDelegate.swift in Sources */ = {isa = PBXBuildFile; fileRef = 32EFC2C5285EF6D90018B2C2 /* AppDelegate.swift */; };
		32EFC2C8285EF6D90018B2C2 /* SceneDelegate.swift in Sources */ = {isa = PBXBuildFile; fileRef = 32EFC2C7285EF6D90018B2C2 /* SceneDelegate.swift */; };
		32EFC2CD285EF6D90018B2C2 /* Main.storyboard in Resources */ = {isa = PBXBuildFile; fileRef = 32EFC2CB285EF6D90018B2C2 /* Main.storyboard */; };
		32EFC2CF285EF6DA0018B2C2 /* Assets.xcassets in Resources */ = {isa = PBXBuildFile; fileRef = 32EFC2CE285EF6DA0018B2C2 /* Assets.xcassets */; };
		32EFC2D2285EF6DA0018B2C2 /* LaunchScreen.storyboard in Resources */ = {isa = PBXBuildFile; fileRef = 32EFC2D0285EF6DA0018B2C2 /* LaunchScreen.storyboard */; };
		32EFC2DC285EF71A0018B2C2 /* TableViewCell.swift in Sources */ = {isa = PBXBuildFile; fileRef = 32EFC2DB285EF71A0018B2C2 /* TableViewCell.swift */; };
		32EFC2DE285EF7450018B2C2 /* TableViewController.swift in Sources */ = {isa = PBXBuildFile; fileRef = 32EFC2DD285EF7450018B2C2 /* TableViewController.swift */; };
		32EFC2E0285EF9C20018B2C2 /* DataModel.swift in Sources */ = {isa = PBXBuildFile; fileRef = 32EFC2DF285EF9C10018B2C2 /* DataModel.swift */; };
/* End PBXBuildFile section */

/* Begin PBXFileReference section */
		32EFC2C2285EF6D90018B2C2 /* NetworkJsonMovie.app */ = {isa = PBXFileReference; explicitFileType = wrapper.application; includeInIndex = 0; path = NetworkJsonMovie.app; sourceTree = BUILT_PRODUCTS_DIR; };
		32EFC2C5285EF6D90018B2C2 /* AppDelegate.swift */ = {isa = PBXFileReference; lastKnownFileType = sourcecode.swift; path = AppDelegate.swift; sourceTree = "<group>"; };
		32EFC2C7285EF6D90018B2C2 /* SceneDelegate.swift */ = {isa = PBXFileReference; lastKnownFileType = sourcecode.swift; path = SceneDelegate.swift; sourceTree = "<group>"; };
		32EFC2CC285EF6D90018B2C2 /* Base */ = {isa = PBXFileReference; lastKnownFileType = file.storyboard; name = Base; path = Base.lproj/Main.storyboard; sourceTree = "<group>"; };
		32EFC2CE285EF6DA0018B2C2 /* Assets.xcassets */ = {isa = PBXFileReference; lastKnownFileType = folder.assetcatalog; path = Assets.xcassets; sourceTree = "<group>"; };
		32EFC2D1285EF6DA0018B2C2 /* Base */ = {isa = PBXFileReference; lastKnownFileType = file.storyboard; name = Base; path = Base.lproj/LaunchScreen.storyboard; sourceTree = "<group>"; };
		32EFC2D3285EF6DA0018B2C2 /* Info.plist */ = {isa = PBXFileReference; lastKnownFileType = text.plist.xml; path = Info.plist; sourceTree = "<group>"; };
		32EFC2DB285EF71A0018B2C2 /* TableViewCell.swift */ = {isa = PBXFileReference; lastKnownFileType = sourcecode.swift; path = TableViewCell.swift; sourceTree = "<group>"; };
		32EFC2DD285EF7450018B2C2 /* TableViewController.swift */ = {isa = PBXFileReference; lastKnownFileType = sourcecode.swift; path = TableViewController.swift; sourceTree = "<group>"; };
		32EFC2DF285EF9C10018B2C2 /* DataModel.swift */ = {isa = PBXFileReference; lastKnownFileType = sourcecode.swift; path = DataModel.swift; sourceTree = "<group>"; };
/* End PBXFileReference section */

/* Begin PBXFrameworksBuildPhase section */
		32EFC2BF285EF6D90018B2C2 /* Frameworks */ = {
			isa = PBXFrameworksBuildPhase;
			buildActionMask = 2147483647;
			files = (
			);
			runOnlyForDeploymentPostprocessing = 0;
		};
/* End PBXFrameworksBuildPhase section */

/* Begin PBXGroup section */
		32EFC2B9285EF6D90018B2C2 = {
			isa = PBXGroup;
			children = (
				32EFC2C4285EF6D90018B2C2 /* NetworkJsonMovie */,
				32EFC2C3285EF6D90018B2C2 /* Products */,
			);
			sourceTree = "<group>";
		};
		32EFC2C3285EF6D90018B2C2 /* Products */ = {
			isa = PBXGroup;
			children = (
				32EFC2C2285EF6D90018B2C2 /* NetworkJsonMovie.app */,
			);
			name = Products;
			sourceTree = "<group>";
		};
		32EFC2C4285EF6D90018B2C2 /* NetworkJsonMovie */ = {
			isa = PBXGroup;
			children = (
				32EFC2DA285EF6F30018B2C2 /* ViewController */,
				32EFC2D9285EF6ED0018B2C2 /* Model */,
				32EFC2C5285EF6D90018B2C2 /* AppDelegate.swift */,
				32EFC2C7285EF6D90018B2C2 /* SceneDelegate.swift */,
				32EFC2CB285EF6D90018B2C2 /* Main.storyboard */,
				32EFC2CE285EF6DA0018B2C2 /* Assets.xcassets */,
				32EFC2D0285EF6DA0018B2C2 /* LaunchScreen.storyboard */,
				32EFC2D3285EF6DA0018B2C2 /* Info.plist */,
			);
			path = NetworkJsonMovie;
			sourceTree = "<group>";
		};
		32EFC2D9285EF6ED0018B2C2 /* Model */ = {
			isa = PBXGroup;
			children = (
				32EFC2DF285EF9C10018B2C2 /* DataModel.swift */,
			);
			path = Model;
			sourceTree = "<group>";
		};
		32EFC2DA285EF6F30018B2C2 /* ViewController */ = {
			isa = PBXGroup;
			children = (
				32EFC2DB285EF71A0018B2C2 /* TableViewCell.swift */,
				32EFC2DD285EF7450018B2C2 /* TableViewController.swift */,
			);
			path = ViewController;
			sourceTree = "<group>";
		};
/* End PBXGroup section */

/* Begin PBXNativeTarget section */
		32EFC2C1285EF6D90018B2C2 /* NetworkJsonMovie */ = {
			isa = PBXNativeTarget;
			buildConfigurationList = 32EFC2D6285EF6DA0018B2C2 /* Build configuration list for PBXNativeTarget "NetworkJsonMovie" */;
			buildPhases = (
				32EFC2BE285EF6D90018B2C2 /* Sources */,
				32EFC2BF285EF6D90018B2C2 /* Frameworks */,
				32EFC2C0285EF6D90018B2C2 /* Resources */,
			);
			buildRules = (
			);
			dependencies = (
			);
			name = NetworkJsonMovie;
			productName = NetworkJsonMovie;
			productReference = 32EFC2C2285EF6D90018B2C2 /* NetworkJsonMovie.app */;
			productType = "com.apple.product-type.application";
		};
/* End PBXNativeTarget section */

/* Begin PBXProject section */
		32EFC2BA285EF6D90018B2C2 /* Project object */ = {
			isa = PBXProject;
			attributes = {
				BuildIndependentTargetsInParallel = 1;
				LastSwiftUpdateCheck = 1330;
				LastUpgradeCheck = 1330;
				TargetAttributes = {
					32EFC2C1285EF6D90018B2C2 = {
						CreatedOnToolsVersion = 13.3.1;
					};
				};
			};
			buildConfigurationList = 32EFC2BD285EF6D90018B2C2 /* Build configuration list for PBXProject "NetworkJsonMovie" */;
			compatibilityVersion = "Xcode 13.0";
			developmentRegion = en;
			hasScannedForEncodings = 0;
			knownRegions = (
				en,
				Base,
			);
			mainGroup = 32EFC2B9285EF6D90018B2C2;
			productRefGroup = 32EFC2C3285EF6D90018B2C2 /* Products */;
			projectDirPath = "";
			projectRoot = "";
			targets = (
				32EFC2C1285EF6D90018B2C2 /* NetworkJsonMovie */,
			);
		};
/* End PBXProject section */

/* Begin PBXResourcesBuildPhase section */
		32EFC2C0285EF6D90018B2C2 /* Resources */ = {
			isa = PBXResourcesBuildPhase;
			buildActionMask = 2147483647;
			files = (
				32EFC2D2285EF6DA0018B2C2 /* LaunchScreen.storyboard in Resources */,
				32EFC2CF285EF6DA0018B2C2 /* Assets.xcassets in Resources */,
				32EFC2CD285EF6D90018B2C2 /* Main.storyboard in Resources */,
			);
			runOnlyForDeploymentPostprocessing = 0;
		};
/* End PBXResourcesBuildPhase section */

/* Begin PBXSourcesBuildPhase section */
		32EFC2BE285EF6D90018B2C2 /* Sources */ = {
			isa = PBXSourcesBuildPhase;
			buildActionMask = 2147483647;
			files = (
				32EFC2E0285EF9C20018B2C2 /* DataModel.swift in Sources */,
				32EFC2DC285EF71A0018B2C2 /* TableViewCell.swift in Sources */,
				32EFC2C6285EF6D90018B2C2 /* AppDelegate.swift in Sources */,
				32EFC2C8285EF6D90018B2C2 /* SceneDelegate.swift in Sources */,
				32EFC2DE285EF7450018B2C2 /* TableViewController.swift in Sources */,
			);
			runOnlyForDeploymentPostprocessing = 0;
		};
/* End PBXSourcesBuildPhase section */

/* Begin PBXVariantGroup section */
		32EFC2CB285EF6D90018B2C2 /* Main.storyboard */ = {
			isa = PBXVariantGroup;
			children = (
				32EFC2CC285EF6D90018B2C2 /* Base */,
			);
			name = Main.storyboard;
			sourceTree = "<group>";
		};
		32EFC2D0285EF6DA0018B2C2 /* LaunchScreen.storyboard */ = {
			isa = PBXVariantGroup;
			children = (
				32EFC2D1285EF6DA0018B2C2 /* Base */,
			);
			name = LaunchScreen.storyboard;
			sourceTree = "<group>";
		};
/* End PBXVariantGroup section */

/* Begin XCBuildConfiguration section */
		32EFC2D4285EF6DA0018B2C2 /* Debug */ = {
			isa = XCBuildConfiguration;
			buildSettings = {
				ALWAYS_SEARCH_USER_PATHS = NO;
				CLANG_ANALYZER_NONNULL = YES;
				CLANG_ANALYZER_NUMBER_OBJECT_CONVERSION = YES_AGGRESSIVE;
				CLANG_CXX_LANGUAGE_STANDARD = "gnu++17";
				CLANG_ENABLE_MODULES = YES;
				CLANG_ENABLE_OBJC_ARC = YES;
				CLANG_ENABLE_OBJC_WEAK = YES;
				CLANG_WARN_BLOCK_CAPTURE_AUTORELEASING = YES;
				CLANG_WARN_BOOL_CONVERSION = YES;
				CLANG_WARN_COMMA = YES;
				CLANG_WARN_CONSTANT_CONVERSION = YES;
				CLANG_WARN_DEPRECATED_OBJC_IMPLEMENTATIONS = YES;
				CLANG_WARN_DIRECT_OBJC_ISA_USAGE = YES_ERROR;
				CLANG_WARN_DOCUMENTATION_COMMENTS = YES;
				CLANG_WARN_EMPTY_BODY = YES;
				CLANG_WARN_ENUM_CONVERSION = YES;
				CLANG_WARN_INFINITE_RECURSION = YES;
				CLANG_WARN_INT_CONVERSION = YES;
				CLANG_WARN_NON_LITERAL_NULL_CONVERSION = YES;
				CLANG_WARN_OBJC_IMPLICIT_RETAIN_SELF = YES;
				CLANG_WARN_OBJC_LITERAL_CONVERSION = YES;
				CLANG_WARN_OBJC_ROOT_CLASS = YES_ERROR;
				CLANG_WARN_QUOTED_INCLUDE_IN_FRAMEWORK_HEADER = YES;
				CLANG_WARN_RANGE_LOOP_ANALYSIS = YES;
				CLANG_WARN_STRICT_PROTOTYPES = YES;
				CLANG_WARN_SUSPICIOUS_MOVE = YES;
				CLANG_WARN_UNGUARDED_AVAILABILITY = YES_AGGRESSIVE;
				CLANG_WARN_UNREACHABLE_CODE = YES;
				CLANG_WARN__DUPLICATE_METHOD_MATCH = YES;
				COPY_PHASE_STRIP = NO;
				DEBUG_INFORMATION_FORMAT = dwarf;
				ENABLE_STRICT_OBJC_MSGSEND = YES;
				ENABLE_TESTABILITY = YES;
				GCC_C_LANGUAGE_STANDARD = gnu11;
				GCC_DYNAMIC_NO_PIC = NO;
				GCC_NO_COMMON_BLOCKS = YES;
				GCC_OPTIMIZATION_LEVEL = 0;
				GCC_PREPROCESSOR_DEFINITIONS = (
					"DEBUG=1",
					"$(inherited)",
				);
				GCC_WARN_64_TO_32_BIT_CONVERSION = YES;
				GCC_WARN_ABOUT_RETURN_TYPE = YES_ERROR;
				GCC_WARN_UNDECLARED_SELECTOR = YES;
				GCC_WARN_UNINITIALIZED_AUTOS = YES_AGGRESSIVE;
				GCC_WARN_UNUSED_FUNCTION = YES;
				GCC_WARN_UNUSED_VARIABLE = YES;
				IPHONEOS_DEPLOYMENT_TARGET = 15.4;
				MTL_ENABLE_DEBUG_INFO = INCLUDE_SOURCE;
				MTL_FAST_MATH = YES;
				ONLY_ACTIVE_ARCH = YES;
				SDKROOT = iphoneos;
				SWIFT_ACTIVE_COMPILATION_CONDITIONS = DEBUG;
				SWIFT_OPTIMIZATION_LEVEL = "-Onone";
			};
			name = Debug;
		};
		32EFC2D5285EF6DA0018B2C2 /* Release */ = {
			isa = XCBuildConfiguration;
			buildSettings = {
				ALWAYS_SEARCH_USER_PATHS = NO;
				CLANG_ANALYZER_NONNULL = YES;
				CLANG_ANALYZER_NUMBER_OBJECT_CONVERSION = YES_AGGRESSIVE;
				CLANG_CXX_LANGUAGE_STANDARD = "gnu++17";
				CLANG_ENABLE_MODULES = YES;
				CLANG_ENABLE_OBJC_ARC = YES;
				CLANG_ENABLE_OBJC_WEAK = YES;
				CLANG_WARN_BLOCK_CAPTURE_AUTORELEASING = YES;
				CLANG_WARN_BOOL_CONVERSION = YES;
				CLANG_WARN_COMMA = YES;
				CLANG_WARN_CONSTANT_CONVERSION = YES;
				CLANG_WARN_DEPRECATED_OBJC_IMPLEMENTATIONS = YES;
				CLANG_WARN_DIRECT_OBJC_ISA_USAGE = YES_ERROR;
				CLANG_WARN_DOCUMENTATION_COMMENTS = YES;
				CLANG_WARN_EMPTY_BODY = YES;
				CLANG_WARN_ENUM_CONVERSION = YES;
				CLANG_WARN_INFINITE_RECURSION = YES;
				CLANG_WARN_INT_CONVERSION = YES;
				CLANG_WARN_NON_LITERAL_NULL_CONVERSION = YES;
				CLANG_WARN_OBJC_IMPLICIT_RETAIN_SELF = YES;
				CLANG_WARN_OBJC_LITERAL_CONVERSION = YES;
				CLANG_WARN_OBJC_ROOT_CLASS = YES_ERROR;
				CLANG_WARN_QUOTED_INCLUDE_IN_FRAMEWORK_HEADER = YES;
				CLANG_WARN_RANGE_LOOP_ANALYSIS = YES;
				CLANG_WARN_STRICT_PROTOTYPES = YES;
				CLANG_WARN_SUSPICIOUS_MOVE = YES;
				CLANG_WARN_UNGUARDED_AVAILABILITY = YES_AGGRESSIVE;
				CLANG_WARN_UNREACHABLE_CODE = YES;
				CLANG_WARN__DUPLICATE_METHOD_MATCH = YES;
				COPY_PHASE_STRIP = NO;
				DEBUG_INFORMATION_FORMAT = "dwarf-with-dsym";
				ENABLE_NS_ASSERTIONS = NO;
				ENABLE_STRICT_OBJC_MSGSEND = YES;
				GCC_C_LANGUAGE_STANDARD = gnu11;
				GCC_NO_COMMON_BLOCKS = YES;
				GCC_WARN_64_TO_32_BIT_CONVERSION = YES;
				GCC_WARN_ABOUT_RETURN_TYPE = YES_ERROR;
				GCC_WARN_UNDECLARED_SELECTOR = YES;
				GCC_WARN_UNINITIALIZED_AUTOS = YES_AGGRESSIVE;
				GCC_WARN_UNUSED_FUNCTION = YES;
				GCC_WARN_UNUSED_VARIABLE = YES;
				IPHONEOS_DEPLOYMENT_TARGET = 15.4;
				MTL_ENABLE_DEBUG_INFO = NO;
				MTL_FAST_MATH = YES;
				SDKROOT = iphoneos;
				SWIFT_COMPILATION_MODE = wholemodule;
				SWIFT_OPTIMIZATION_LEVEL = "-O";
				VALIDATE_PRODUCT = YES;
			};
			name = Release;
		};
		32EFC2D7285EF6DA0018B2C2 /* Debug */ = {
			isa = XCBuildConfiguration;
			buildSettings = {
				ASSETCATALOG_COMPILER_APPICON_NAME = AppIcon;
				ASSETCATALOG_COMPILER_GLOBAL_ACCENT_COLOR_NAME = AccentColor;
				CODE_SIGN_STYLE = Automatic;
				CURRENT_PROJECT_VERSION = 1;
				GENERATE_INFOPLIST_FILE = YES;
				INFOPLIST_FILE = NetworkJsonMovie/Info.plist;
				INFOPLIST_KEY_UIApplicationSupportsIndirectInputEvents = YES;
				INFOPLIST_KEY_UILaunchStoryboardName = LaunchScreen;
				INFOPLIST_KEY_UIMainStoryboardFile = Main;
				INFOPLIST_KEY_UISupportedInterfaceOrientations_iPad = "UIInterfaceOrientationPortrait UIInterfaceOrientationPortraitUpsideDown UIInterfaceOrientationLandscapeLeft UIInterfaceOrientationLandscapeRight";
				INFOPLIST_KEY_UISupportedInterfaceOrientations_iPhone = "UIInterfaceOrientationPortrait UIInterfaceOrientationLandscapeLeft UIInterfaceOrientationLandscapeRight";
				LD_RUNPATH_SEARCH_PATHS = (
					"$(inherited)",
					"@executable_path/Frameworks",
				);
				MARKETING_VERSION = 1.0;
				PRODUCT_BUNDLE_IDENTIFIER = com.swiftlec.NetworkJsonMovie;
				PRODUCT_NAME = "$(TARGET_NAME)";
				SWIFT_EMIT_LOC_STRINGS = YES;
				SWIFT_VERSION = 5.0;
				TARGETED_DEVICE_FAMILY = "1,2";
			};
			name = Debug;
		};
		32EFC2D8285EF6DA0018B2C2 /* Release */ = {
			isa = XCBuildConfiguration;
			buildSettings = {
				ASSETCATALOG_COMPILER_APPICON_NAME = AppIcon;
				ASSETCATALOG_COMPILER_GLOBAL_ACCENT_COLOR_NAME = AccentColor;
				CODE_SIGN_STYLE = Automatic;
				CURRENT_PROJECT_VERSION = 1;
				GENERATE_INFOPLIST_FILE = YES;
				INFOPLIST_FILE = NetworkJsonMovie/Info.plist;
				INFOPLIST_KEY_UIApplicationSupportsIndirectInputEvents = YES;
				INFOPLIST_KEY_UILaunchStoryboardName = LaunchScreen;
				INFOPLIST_KEY_UIMainStoryboardFile = Main;
				INFOPLIST_KEY_UISupportedInterfaceOrientations_iPad = "UIInterfaceOrientationPortrait UIInterfaceOrientationPortraitUpsideDown UIInterfaceOrientationLandscapeLeft UIInterfaceOrientationLandscapeRight";
				INFOPLIST_KEY_UISupportedInterfaceOrientations_iPhone = "UIInterfaceOrientationPortrait UIInterfaceOrientationLandscapeLeft UIInterfaceOrientationLandscapeRight";
				LD_RUNPATH_SEARCH_PATHS = (
					"$(inherited)",
					"@executable_path/Frameworks",
				);
				MARKETING_VERSION = 1.0;
				PRODUCT_BUNDLE_IDENTIFIER = com.swiftlec.NetworkJsonMovie;
				PRODUCT_NAME = "$(TARGET_NAME)";
				SWIFT_EMIT_LOC_STRINGS = YES;
				SWIFT_VERSION = 5.0;
				TARGETED_DEVICE_FAMILY = "1,2";
			};
			name = Release;
		};
/* End XCBuildConfiguration section */

/* Begin XCConfigurationList section */
		32EFC2BD285EF6D90018B2C2 /* Build configuration list for PBXProject "NetworkJsonMovie" */ = {
			isa = XCConfigurationList;
			buildConfigurations = (
				32EFC2D4285EF6DA0018B2C2 /* Debug */,
				32EFC2D5285EF6DA0018B2C2 /* Release */,
			);
			defaultConfigurationIsVisible = 0;
			defaultConfigurationName = Release;
		};
		32EFC2D6285EF6DA0018B2C2 /* Build configuration list for PBXNativeTarget "NetworkJsonMovie" */ = {
			isa = XCConfigurationList;
			buildConfigurations = (
				32EFC2D7285EF6DA0018B2C2 /* Debug */,
				32EFC2D8285EF6DA0018B2C2 /* Release */,
			);
			defaultConfigurationIsVisible = 0;
			defaultConfigurationName = Release;
		};
/* End XCConfigurationList section */
	};
	rootObject = 32EFC2BA285EF6D90018B2C2 /* Project object */;
}
